
Microsoft Visual Studio Solution File, Format Version 12.00
# Visual Studio 15
VisualStudioVersion = 15.0.28010.2036
MinimumVisualStudioVersion = 10.0.40219.1
Project("{8BC9CEB8-8B4A-11D0-8D11-00A0C91BC942}") = "Tutorial 2", "Tutorial 2\Tutorial 2.vcxproj", "{5E9E1BA2-1F8A-4C3C-8E5D-216CBE81BA41}"
EndProject
Global
	GlobalSection(SolutionConfigurationPlatforms) = preSolution
		Debug|x64 = Debug|x64
		Release|x64 = Release|x64
	EndGlobalSection
	GlobalSection(ProjectConfigurationPlatforms) = postSolution
		{5E9E1BA2-1F8A-4C3C-8E5D-216CBE81BA41}.Debug|x64.ActiveCfg = Debug|x64
		{5E9E1BA2-1F8A-4C3C-8E5D-216CBE81BA41}.Debug|x64.Build.0 = Debug|x64
		{5E9E1BA2-1F8A-4C3C-8E5D-216CBE81BA41}.Release|x64.ActiveCfg = Release|x64
		{5E9E1BA2-1F8A-4C3C-8E5D-216CBE81BA41}.Release|x64.Build.0 = Release|x64
	EndGlobalSection
	GlobalSection(SolutionProperties) = preSolution
		HideSolutionNode = FALSE
	EndGlobalSection
	GlobalSection(ExtensibilityGlobals) = postSolution
		SolutionGuid = {3E01B00F-EE1A-438A-9FD1-04743587EB4C}
	EndGlobalSection
EndGlobal
